{
  "name": "iaas",
  "requires": true,
  "lockfileVersion": 1,
  "dependencies": {
    "@interactjs/actions": {
      "version": "1.10.2",
      "resolved": "https://registry.npmmirror.com/@interactjs/actions/-/actions-1.10.2.tgz",
      "integrity": "sha512-BHJcW84WCMf/LsKmha/1Yog7aH3+QBXbLvowvZvwYvgjdUIb3xCa1a7FUYXuWAeKNMyKPVjFun+WPce75B+1tA==",
      "requires": {
        "@interactjs/interact": "1.10.2"
      }
    },
    "@interactjs/arrange": {
      "version": "1.10.2",
      "resolved": "https://registry.npmmirror.com/@interactjs/arrange/-/arrange-1.10.2.tgz",
      "integrity": "sha512-pPLA9o4RWMFN0VfalklOFSRLL4WqqXcD9no4XEuqV00goZPCxLBbMTztaWwnutlRy7evtOhUjUH+pZVsS+dZ4Q=="
    },
    "@interactjs/auto-scroll": {
      "version": "1.10.2",
      "resolved": "https://registry.npmmirror.com/@interactjs/auto-scroll/-/auto-scroll-1.10.2.tgz",
      "integrity": "sha512-yYqzOawwvWd1NNnlqZdzrXoOMFafQ2/ws85erpJqdaNMQE221z2uP+QYhFRLQRgYUlTbHFfmjDpzhuJgq4uA8Q==",
      "requires": {
        "@interactjs/interact": "1.10.2"
      }
    },
    "@interactjs/auto-start": {
      "version": "1.10.2",
      "resolved": "https://registry.npmmirror.com/@interactjs/auto-start/-/auto-start-1.10.2.tgz",
      "integrity": "sha512-nZudj8VzJzz+uEyDHqXwtKpvUYr+Oj1+xBrJEu21CywroHQWM2J4fCIiCgeCo3d5/p/TrzFk5b+YfAWePKiLxA==",
      "requires": {
        "@interactjs/interact": "1.10.2"
      }
    },
    "@interactjs/clone": {
      "version": "1.10.2",
      "resolved": "https://registry.npmmirror.com/@interactjs/clone/-/clone-1.10.2.tgz",
      "integrity": "sha512-XzA8BRHSCwvysOegZ1kopg+IJF3erh4qzY6DRoZsIJovKAXawoa176E58IAzDbgYPJ2yoaSGT+XyzT2C0wa3pQ=="
    },
    "@interactjs/core": {
      "version": "1.10.2",
      "resolved": "https://registry.npmmirror.com/@interactjs/core/-/core-1.10.2.tgz",
      "integrity": "sha512-SA5KRGo+gFJOhBj1Z2dLHhAf0/2nyHNd4SQ460aIQ3jj/QhqbJW6kGzmh7hBa2FzVGgxLhcQu7NZaP4rnDfUNw=="
    },
    "@interactjs/dev-tools": {
      "version": "1.10.2",
      "resolved": "https://registry.npmmirror.com/@interactjs/dev-tools/-/dev-tools-1.10.2.tgz",
      "integrity": "sha512-aAd9NgTAGA3yVdFCYcAAYrM4TYQFuVqEvsF+xj+g5SlGyrJ7+GTjPZ2rScOyAsABY4Tz64L2pXvWmXMG87dncA==",
      "requires": {
        "@interactjs/interact": "1.10.2",
        "@interactjs/utils": "1.10.2"
      }
    },
    "@interactjs/feedback": {
      "version": "1.10.2",
      "resolved": "https://registry.npmmirror.com/@interactjs/feedback/-/feedback-1.10.2.tgz",
      "integrity": "sha512-XlcoICGrFeUwwRtDgOpstOOvlU42WZoEg7gJHK3LwF7j0IctPd1+3blXofFlBeVvodle8MvUMepm5CRXz741fA=="
    },
    "@interactjs/inertia": {
      "version": "1.10.2",
      "resolved": "https://registry.npmmirror.com/@interactjs/inertia/-/inertia-1.10.2.tgz",
      "integrity": "sha512-ZmN1joN6J36Q6SOp3V0iZOisXZOBMSAUj0STo8wbwCKy7K8IrC9vjUBbO2JM52cT6o7hg5ebHsp5c8FrebSHlg==",
      "requires": {
        "@interactjs/interact": "1.10.2",
        "@interactjs/offset": "1.10.2"
      }
    },
    "@interactjs/interact": {
      "version": "1.10.2",
      "resolved": "https://registry.npmmirror.com/@interactjs/interact/-/interact-1.10.2.tgz",
      "integrity": "sha512-Ms5uVCY9IobVYpQyBnBdkP6Bk6iDY7TkC7GupsdUPUxzAvYSQCTEAGr/1PwxSrSS6dN/8O8TuyUWPbCaylr/JA==",
      "requires": {
        "@interactjs/core": "1.10.2",
        "@interactjs/types": "1.10.2",
        "@interactjs/utils": "1.10.2"
      }
    },
    "@interactjs/interactjs": {
      "version": "1.10.2",
      "resolved": "https://registry.npmmirror.com/@interactjs/interactjs/-/interactjs-1.10.2.tgz",
      "integrity": "sha512-OwLl70af6lfZOOg/bvWKSNm1DS1nDI72QnzDYljSKfc2D8stqLIGDO1wPY2rhZudUG5q3t50EhmMUQF76yll/g==",
      "requires": {
        "@interactjs/actions": "1.10.2",
        "@interactjs/arrange": "1.10.2",
        "@interactjs/auto-scroll": "1.10.2",
        "@interactjs/auto-start": "1.10.2",
        "@interactjs/clone": "1.10.2",
        "@interactjs/core": "1.10.2",
        "@interactjs/dev-tools": "1.10.2",
        "@interactjs/feedback": "1.10.2",
        "@interactjs/inertia": "1.10.2",
        "@interactjs/interact": "1.10.2",
        "@interactjs/modifiers": "1.10.2",
        "@interactjs/multi-target": "1.10.2",
        "@interactjs/offset": "1.10.2",
        "@interactjs/pointer-events": "1.10.2",
        "@interactjs/react": "1.10.2",
        "@interactjs/reflow": "1.10.2",
        "@interactjs/utils": "1.10.2",
        "@interactjs/vue": "1.10.2"
      }
    },
    "@interactjs/modifiers": {
      "version": "1.10.2",
      "resolved": "https://registry.npmmirror.com/@interactjs/modifiers/-/modifiers-1.10.2.tgz",
      "integrity": "sha512-3wYEucvZF2NTIslnVIKw5MWhkn9LM42cGCQaC19o3LZeWnbps7NnHJCyQp6zylJrCbwt7f+CSt4Oj2/s0f6XEA==",
      "requires": {
        "@interactjs/interact": "1.10.2",
        "@interactjs/snappers": "1.10.2"
      }
    },
    "@interactjs/multi-target": {
      "version": "1.10.2",
      "resolved": "https://registry.npmmirror.com/@interactjs/multi-target/-/multi-target-1.10.2.tgz",
      "integrity": "sha512-O2GiIqgZBzjAVTOpL8doTnAcM9AtM3+H/Bb+An12wWKtNutVK7JbqUAO2nYueOk55/PP3yDLY9Qdr15RJns3lQ=="
    },
    "@interactjs/offset": {
      "version": "1.10.2",
      "resolved": "https://registry.npmmirror.com/@interactjs/offset/-/offset-1.10.2.tgz",
      "integrity": "sha512-xLgQqinFUY7ZqSX9d9on7XRcxvQdHNEAktj2QFwxMsEwrA6zbKROpPVwt8WQ1yBAeJSFjgYGcmCMPW5K41dT0w==",
      "requires": {
        "@interactjs/interact": "1.10.2"
      }
    },
    "@interactjs/pointer-events": {
      "version": "1.10.2",
      "resolved": "https://registry.npmmirror.com/@interactjs/pointer-events/-/pointer-events-1.10.2.tgz",
      "integrity": "sha512-O8s3N399hkGIzWGlcJVy0LJyDn5YWDh6XKjyowh/QivtlZSWPY8eglmlN2uZX0lmiqUYghbKI4CpQYP/cE0ZDA==",
      "requires": {
        "@interactjs/interact": "1.10.2"
      }
    },
    "@interactjs/react": {
      "version": "1.10.2",
      "resolved": "https://registry.npmmirror.com/@interactjs/react/-/react-1.10.2.tgz",
      "integrity": "sha512-JXzPdANft+W2vq3SCSzprCwom5UuC8TaiAAhVdt8R+/P6xHbOeAX93XLS5YmDwT8e0Zh9J9jYvz55tkTdwjFZQ=="
    },
    "@interactjs/reflow": {
      "version": "1.10.2",
      "resolved": "https://registry.npmmirror.com/@interactjs/reflow/-/reflow-1.10.2.tgz",
      "integrity": "sha512-pc6o6RRhSCYQC4auZexRb7z5FQkdSVev5HzlRfUAjfw4C076qgbcs63ESRKy4YXdSBtUTvARQZxpuWUNGquzJw==",
      "requires": {
        "@interactjs/interact": "1.10.2"
      }
    },
    "@interactjs/snappers": {
      "version": "1.10.2",
      "resolved": "https://registry.npmmirror.com/@interactjs/snappers/-/snappers-1.10.2.tgz",
      "integrity": "sha512-wQ41Vn5GRn6VavjIEUtTkd9d5QgdKgC4+CPW0fjKkiQclLBmaic7VibNETO8twN0Jx5e73EoPj9K2nAVHIA0hA=="
    },
    "@interactjs/types": {
      "version": "1.10.2",
      "resolved": "https://registry.npmmirror.com/@interactjs/types/-/types-1.10.2.tgz",
      "integrity": "sha512-l0T1bU8OHRv716ztQOYwP+K7b/lA76C0T3r/cdabbUv6CKeAFdFRRFlmNxYOM36SxMGWAiq5VWrN3SeXlB7Fow=="
    },
    "@interactjs/utils": {
      "version": "1.10.2",
      "resolved": "https://registry.npmmirror.com/@interactjs/utils/-/utils-1.10.2.tgz",
      "integrity": "sha512-sOr+pu7XGAN4qv+ikajMo3RJygbkbMLegmx0Tv5Qf6e80sF42FjkmHeMGuV7fL98nwat0VmDiWerOFBnKctXow=="
    },
    "@interactjs/vue": {
      "version": "1.10.2",
      "resolved": "https://registry.npmmirror.com/@interactjs/vue/-/vue-1.10.2.tgz",
      "integrity": "sha512-msLdc42DFsCPQZt6YBGZrw8Ro23kQcNnj+iLz2OUQcOrp/lma7WjorUuAwwfyFna2DevLtiYlMLbT0dpO/cVhg=="
    },
    "async-validator": {
      "version": "1.8.1",
      "resolved": "http://registry.npm.taobao.org/async-validator/download/async-validator-1.8.1.tgz",
      "integrity": "sha1-ZmV4jKOSaa93Dl7gLw5VfyQ40so="
    },
    "autoprefixer": {
      "version": "6.7.7",
      "resolved": "http://registry.npm.taobao.org/autoprefixer/download/autoprefixer-6.7.7.tgz",
      "integrity": "sha1-Hb0cg1ZY41zj+ZhAmdsAWFx4IBQ=",
      "dev": true
    },
    "axios": {
      "version": "0.17.0",
      "resolved": "http://registry.npm.taobao.org/axios/download/axios-0.17.0.tgz",
      "integrity": "sha1-fadHkW24A/dhZR1gkdcIeJuVPGo="
    },
    "babel-core": {
      "version": "6.26.0",
      "resolved": "http://registry.npm.taobao.org/babel-core/download/babel-core-6.26.0.tgz",
      "integrity": "sha1-rzL3izGm/O8RnIew/Y2XU/A6C7g=",
      "dev": true
    },
    "babel-helper-bindify-decorators": {
      "version": "6.24.1",
      "resolved": "https://registry.npmmirror.com/babel-helper-bindify-decorators/-/babel-helper-bindify-decorators-6.24.1.tgz",
      "integrity": "sha512-TYX2QQATKA6Wssp6j7jqlw4QLmABDN1olRdEHndYvBXdaXM5dcx6j5rN0+nd+aVL+Th40fAEYvvw/Xxd/LETuQ==",
      "dev": true,
      "requires": {
        "babel-runtime": "^6.22.0",
        "babel-traverse": "^6.24.1",
        "babel-types": "^6.24.1"
      }
    },
    "babel-helper-explode-class": {
      "version": "6.24.1",
      "resolved": "https://registry.npmmirror.com/babel-helper-explode-class/-/babel-helper-explode-class-6.24.1.tgz",
      "integrity": "sha512-SFbWewr0/0U4AiRzsHqwsbOQeLXVa9T1ELdqEa2efcQB5KopTnunAqoj07TuHlN2lfTQNPGO/rJR4FMln5fVcA==",
      "dev": true,
      "requires": {
        "babel-helper-bindify-decorators": "^6.24.1",
        "babel-runtime": "^6.22.0",
        "babel-traverse": "^6.24.1",
        "babel-types": "^6.24.1"
      }
    },
    "babel-helper-function-name": {
      "version": "6.24.1",
      "resolved": "http://registry.npm.taobao.org/babel-helper-function-name/download/babel-helper-function-name-6.24.1.tgz",
      "integrity": "sha1-00dbjAPtmCQqJbSDUasYOZ01gKk=",
      "dev": true
    },
    "babel-helper-remap-async-to-generator": {
      "version": "6.24.1",
      "resolved": "http://registry.npm.taobao.org/babel-helper-remap-async-to-generator/download/babel-helper-remap-async-to-generator-6.24.1.tgz",
      "integrity": "sha1-XsWBgnrXI/7N04HxySg5BnbkVRs=",
      "dev": true
    },
    "babel-helper-vue-jsx-merge-props": {
      "version": "2.0.2",
      "resolved": "http://registry.npm.taobao.org/babel-helper-vue-jsx-merge-props/download/babel-helper-vue-jsx-merge-props-2.0.2.tgz",
      "integrity": "sha1-rOscNzWIJ54nVeoc/TXCI5T9M/g="
    },
    "babel-loader": {
      "version": "6.4.1",
      "resolved": "http://registry.npm.taobao.org/babel-loader/download/babel-loader-6.4.1.tgz",
      "integrity": "sha1-CzQRLVsHSKjc2/Uaz2+b1C1QuMo=",
      "dev": true
    },
    "babel-plugin-component": {
      "version": "0.9.1",
      "resolved": "https://registry.npmmirror.com/babel-plugin-component/-/babel-plugin-component-0.9.1.tgz",
      "integrity": "sha512-b1RUp/YGBaaCxE2Kipa2Bt4l80oemYU1GWFacDVxiAoiZhm2n5YNXy40T398OyUf1QRhTYxwcmLhhtSeVmyXEQ==",
      "dev": true
    },
    "babel-plugin-syntax-async-generators": {
      "version": "6.13.0",
      "resolved": "https://registry.npmmirror.com/babel-plugin-syntax-async-generators/-/babel-plugin-syntax-async-generators-6.13.0.tgz",
      "integrity": "sha512-EbciFN5Jb9iqU9bqaLmmFLx2G8pAUsvpWJ6OzOWBNrSY9qTohXj+7YfZx6Ug1Qqh7tCb1EA7Jvn9bMC1HBiucg==",
      "dev": true
    },
    "babel-plugin-syntax-class-constructor-call": {
      "version": "6.18.0",
      "resolved": "https://registry.npmmirror.com/babel-plugin-syntax-class-constructor-call/-/babel-plugin-syntax-class-constructor-call-6.18.0.tgz",
      "integrity": "sha512-EEuBcXz/wZ81Jaac0LnMHtD4Mfz9XWn2oH2Xj+CHwz2SZWUqqdtR2BgWPSdTGMmxN/5KLSh4PImt9+9ZedDarA==",
      "dev": true
    },
    "babel-plugin-syntax-class-properties": {
      "version": "6.13.0",
      "resolved": "https://registry.npmmirror.com/babel-plugin-syntax-class-properties/-/babel-plugin-syntax-class-properties-6.13.0.tgz",
      "integrity": "sha512-chI3Rt9T1AbrQD1s+vxw3KcwC9yHtF621/MacuItITfZX344uhQoANjpoSJZleAmW2tjlolqB/f+h7jIqXa7pA==",
      "dev": true
    },
    "babel-plugin-syntax-decorators": {
      "version": "6.13.0",
      "resolved": "https://registry.npmmirror.com/babel-plugin-syntax-decorators/-/babel-plugin-syntax-decorators-6.13.0.tgz",
      "integrity": "sha512-AWj19x2aDm8qFQ5O2JcD6pwJDW1YdcnO+1b81t7gxrGjz5VHiUqeYWAR4h7zueWMalRelrQDXprv2FrY1dbpbw==",
      "dev": true
    },
    "babel-plugin-syntax-do-expressions": {
      "version": "6.13.0",
      "resolved": "https://registry.npmmirror.com/babel-plugin-syntax-do-expressions/-/babel-plugin-syntax-do-expressions-6.13.0.tgz",
      "integrity": "sha512-HD/5qJB9oSXzl0caxM+aRD7ENICXqcc3Up/8toDQk7zNIDE7TzsqtxC5f4t9Rwhu2Ya8l9l4j6b3vOsy+a6qxg==",
      "dev": true
    },
    "babel-plugin-syntax-dynamic-import": {
      "version": "6.18.0",
      "resolved": "http://registry.npm.taobao.org/babel-plugin-syntax-dynamic-import/download/babel-plugin-syntax-dynamic-import-6.18.0.tgz",
      "integrity": "sha1-jWomIpyDdFqZgqRBBRVyyqF5sdo=",
      "dev": true
    },
    "babel-plugin-syntax-export-extensions": {
      "version": "6.13.0",
      "resolved": "https://registry.npmmirror.com/babel-plugin-syntax-export-extensions/-/babel-plugin-syntax-export-extensions-6.13.0.tgz",
      "integrity": "sha512-Eo0rcRaIDMld/W6mVhePiudIuLW+Cr/8eveW3mBREfZORScZgx4rh6BAPyvzdEc/JZvQ+LkC80t0VGFs6FX+lg==",
      "dev": true
    },
    "babel-plugin-syntax-function-bind": {
      "version": "6.13.0",
      "resolved": "https://registry.npmmirror.com/babel-plugin-syntax-function-bind/-/babel-plugin-syntax-function-bind-6.13.0.tgz",
      "integrity": "sha512-m8yMoh9LIiNyeLdQs5I9G+3YXo4nqVsKQkk7YplrG4qAFbNi9hkZlow8HDHxhH9QOVFPHmy8+03NzRCdyChIKw==",
      "dev": true
    },
    "babel-plugin-syntax-trailing-function-commas": {
      "version": "6.22.0",
      "resolved": "http://registry.npm.taobao.org/babel-plugin-syntax-trailing-function-commas/download/babel-plugin-syntax-trailing-function-commas-6.22.0.tgz",
      "integrity": "sha1-ugNgk3+NBuQBgKQ/4NVhb/9TLPM=",
      "dev": true
    },
    "babel-plugin-transform-async-generator-functions": {
      "version": "6.24.1",
      "resolved": "https://registry.npmmirror.com/babel-plugin-transform-async-generator-functions/-/babel-plugin-transform-async-generator-functions-6.24.1.tgz",
      "integrity": "sha512-uT7eovUxtXe8Q2ufcjRuJIOL0hg6VAUJhiWJBLxH/evYAw+aqoJLcYTR8hqx13iOx/FfbCMHgBmXWZjukbkyPg==",
      "dev": true,
      "requires": {
        "babel-helper-remap-async-to-generator": "^6.24.1",
        "babel-plugin-syntax-async-generators": "^6.5.0",
        "babel-runtime": "^6.22.0"
      }
    },
    "babel-plugin-transform-async-to-generator": {
      "version": "6.24.1",
      "resolved": "http://registry.npm.taobao.org/babel-plugin-transform-async-to-generator/download/babel-plugin-transform-async-to-generator-6.24.1.tgz",
      "integrity": "sha1-ZTbjeK/2yx1VF6wOQOs+n8jQh2E=",
      "dev": true
    },
    "babel-plugin-transform-class-constructor-call": {
      "version": "6.24.1",
      "resolved": "https://registry.npmmirror.com/babel-plugin-transform-class-constructor-call/-/babel-plugin-transform-class-constructor-call-6.24.1.tgz",
      "integrity": "sha512-RvYukT1Nh7njz8P8326ztpQUGCKwmjgu6aRIx1lkvylWITYcskg29vy1Kp8WXIq7FvhXsz0Crf2kS94bjB690A==",
      "dev": true,
      "requires": {
        "babel-plugin-syntax-class-constructor-call": "^6.18.0",
        "babel-runtime": "^6.22.0",
        "babel-template": "^6.24.1"
      }
    },
    "babel-plugin-transform-class-properties": {
      "version": "6.24.1",
      "resolved": "https://registry.npmmirror.com/babel-plugin-transform-class-properties/-/babel-plugin-transform-class-properties-6.24.1.tgz",
      "integrity": "sha512-n4jtBA3OYBdvG5PRMKsMXJXHfLYw/ZOmtxCLOOwz6Ro5XlrColkStLnz1AS1L2yfPA9BKJ1ZNlmVCLjAL9DSIg==",
      "dev": true,
      "requires": {
        "babel-helper-function-name": "^6.24.1",
        "babel-plugin-syntax-class-properties": "^6.8.0",
        "babel-runtime": "^6.22.0",
        "babel-template": "^6.24.1"
      }
    },
    "babel-plugin-transform-decorators": {
      "version": "6.24.1",
      "resolved": "https://registry.npmmirror.com/babel-plugin-transform-decorators/-/babel-plugin-transform-decorators-6.24.1.tgz",
      "integrity": "sha512-skQ2CImwDkCHu0mkWvCOlBCpBIHW4/49IZWVwV4A/EnWjL9bB6UBvLyMNe3Td5XDStSZNhe69j4bfEW8dvUbew==",
      "dev": true,
      "requires": {
        "babel-helper-explode-class": "^6.24.1",
        "babel-plugin-syntax-decorators": "^6.13.0",
        "babel-runtime": "^6.22.0",
        "babel-template": "^6.24.1",
        "babel-types": "^6.24.1"
      }
    },
    "babel-plugin-transform-do-expressions": {
      "version": "6.22.0",
      "resolved": "https://registry.npmmirror.com/babel-plugin-transform-do-expressions/-/babel-plugin-transform-do-expressions-6.22.0.tgz",
      "integrity": "sha512-yQwYqYg+Tnj1InA8W1rsItsZVhkv1Euc4KVua9ledtPz5PDWYz7LVyy6rDBpVYUWFZj5k6GUm3YZpCbIm8Tqew==",
      "dev": true,
      "requires": {
        "babel-plugin-syntax-do-expressions": "^6.8.0",
        "babel-runtime": "^6.22.0"
      }
    },
    "babel-plugin-transform-exponentiation-operator": {
      "version": "6.24.1",
      "resolved": "http://registry.npm.taobao.org/babel-plugin-transform-exponentiation-operator/download/babel-plugin-transform-exponentiation-operator-6.24.1.tgz",
      "integrity": "sha1-KrDJx/MJj6SJB3cruBP+QejeOg4=",
      "dev": true
    },
    "babel-plugin-transform-export-extensions": {
      "version": "6.22.0",
      "resolved": "https://registry.npmmirror.com/babel-plugin-transform-export-extensions/-/babel-plugin-transform-export-extensions-6.22.0.tgz",
      "integrity": "sha512-mtzELzINaYqdVglyZrDDVwkcFRuE7s6QUFWXxwffKAHB/NkfbJ2NJSytugB43ytIC8UVt30Ereyx+7gNyTkDLg==",
      "dev": true,
      "requires": {
        "babel-plugin-syntax-export-extensions": "^6.8.0",
        "babel-runtime": "^6.22.0"
      }
    },
    "babel-plugin-transform-function-bind": {
      "version": "6.22.0",
      "resolved": "https://registry.npmmirror.com/babel-plugin-transform-function-bind/-/babel-plugin-transform-function-bind-6.22.0.tgz",
      "integrity": "sha512-9Ec4KYf1GurT39mlUjDSlN7HWSlB3u3mWRMogQbb+Y88lO0ZM3rJ0ADhPnQwWK9TbO6e/4E+Et1rrfGY9mFimA==",
      "dev": true,
      "requires": {
        "babel-plugin-syntax-function-bind": "^6.8.0",
        "babel-runtime": "^6.22.0"
      }
    },
    "babel-plugin-transform-object-rest-spread": {
      "version": "6.26.0",
      "resolved": "http://registry.npm.taobao.org/babel-plugin-transform-object-rest-spread/download/babel-plugin-transform-object-rest-spread-6.26.0.tgz",
      "integrity": "sha1-DzZpLVD+9rfi1LOsFHgTepY7ewY=",
      "dev": true
    },
    "babel-plugin-transform-runtime": {
      "version": "6.23.0",
      "resolved": "http://registry.npm.taobao.org/babel-plugin-transform-runtime/download/babel-plugin-transform-runtime-6.23.0.tgz",
      "integrity": "sha1-iEkNRGUC6puOfvsP4J7E2ZR5se4=",
      "dev": true
    },
    "babel-polyfill": {
      "version": "6.26.0",
      "resolved": "https://registry.npmmirror.com/babel-polyfill/-/babel-polyfill-6.26.0.tgz",
      "integrity": "sha512-F2rZGQnAdaHWQ8YAoeRbukc7HS9QgdgeyJ0rQDd485v9opwuPvjpPFcOOT/WmkKTdgy9ESgSPXDcTNpzrGr6iQ==",
      "dev": true,
      "requires": {
        "babel-runtime": "^6.26.0",
        "core-js": "^2.5.0",
        "regenerator-runtime": "^0.10.5"
      },
      "dependencies": {
        "regenerator-runtime": {
          "version": "0.10.5",
          "resolved": "https://registry.npmmirror.com/regenerator-runtime/-/regenerator-runtime-0.10.5.tgz",
          "integrity": "sha512-02YopEIhAgiBHWeoTiA8aitHDt8z6w+rQqNuIftlM+ZtvSl/brTouaU7DW6GO/cHtvxJvS4Hwv2ibKdxIRi24w==",
          "dev": true
        }
      }
    },
    "babel-preset-env": {
      "version": "1.6.1",
      "resolved": "http://registry.npm.taobao.org/babel-preset-env/download/babel-preset-env-1.6.1.tgz",
      "integrity": "sha1-oYtWTMm5r99KrleuPBsNmRiOb0g=",
      "dev": true,
      "dependencies": {
        "browserslist": {
          "version": "2.7.0",
          "resolved": "http://registry.npm.taobao.org/browserslist/download/browserslist-2.7.0.tgz",
          "integrity": "sha1-3DddxwBI/sPZiQQqNQIjQpAu/wA="
        }
      }
    },
    "babel-preset-es2015": {
      "version": "6.24.1",
      "resolved": "http://registry.npm.taobao.org/babel-preset-es2015/download/babel-preset-es2015-6.24.1.tgz",
      "integrity": "sha1-1EBQ1rwsn+6nAqrzjXJ6AhBTiTk=",
      "dev": true
    },
    "babel-preset-es2017": {
      "version": "6.24.1",
      "resolved": "https://registry.npmmirror.com/babel-preset-es2017/-/babel-preset-es2017-6.24.1.tgz",
      "integrity": "sha512-3iPqwP/tBkRATDg9qKkuycGEi1FZCF9pYoa2orhBynoQEPIelORSbk5VqbBI6+UzAt0CGG2gOfj46fmUmuz32g==",
      "dev": true,
      "requires": {
        "babel-plugin-syntax-trailing-function-commas": "^6.22.0",
        "babel-plugin-transform-async-to-generator": "^6.24.1"
      }
    },
    "babel-preset-stage-0": {
      "version": "6.24.1",
      "resolved": "https://registry.npmmirror.com/babel-preset-stage-0/-/babel-preset-stage-0-6.24.1.tgz",
      "integrity": "sha512-MJD+xBbpsApbKlzAX0sOBF+VeFaUmv5s8FSOO7SSZpes1QgphCjq/UIGRFWSmQ/0i5bqQjLGCTXGGXqcLQ9JDA==",
      "dev": true,
      "requires": {
        "babel-plugin-transform-do-expressions": "^6.22.0",
        "babel-plugin-transform-function-bind": "^6.22.0",
        "babel-preset-stage-1": "^6.24.1"
      }
    },
    "babel-preset-stage-1": {
      "version": "6.24.1",
      "resolved": "https://registry.npmmirror.com/babel-preset-stage-1/-/babel-preset-stage-1-6.24.1.tgz",
      "integrity": "sha512-rn+UOcd7BHDniq1SVxv2/AVVSVI1NK+hfS0I/iR6m6KbOi/aeBRcqBilqO73pd9VUpRXF2HFtlDuC9F2BEQqmg==",
      "dev": true,
      "requires": {
        "babel-plugin-transform-class-constructor-call": "^6.24.1",
        "babel-plugin-transform-export-extensions": "^6.22.0",
        "babel-preset-stage-2": "^6.24.1"
      }
    },
    "babel-preset-stage-2": {
      "version": "6.24.1",
      "resolved": "https://registry.npmmirror.com/babel-preset-stage-2/-/babel-preset-stage-2-6.24.1.tgz",
      "integrity": "sha512-9F+nquz+37PrlTSBdpeQBKnQfAMNBnryXw+m4qBh35FNbJPfzZz+sjN2G5Uf1CRedU9PH7fJkTbYijxmkLX8Og==",
      "dev": true,
      "requires": {
        "babel-plugin-syntax-dynamic-import": "^6.18.0",
        "babel-plugin-transform-class-properties": "^6.24.1",
        "babel-plugin-transform-decorators": "^6.24.1",
        "babel-preset-stage-3": "^6.24.1"
      }
    },
    "babel-preset-stage-3": {
      "version": "6.24.1",
      "resolved": "https://registry.npmmirror.com/babel-preset-stage-3/-/babel-preset-stage-3-6.24.1.tgz",
      "integrity": "sha512-eCbEOF8uN0KypFXJmZXn2sTk7bPV9uM5xov7G/7BM08TbQEObsVs0cEWfy6NQySlfk7JBi/t+XJP1JkruYfthA==",
      "dev": true,
      "requires": {
        "babel-plugin-syntax-trailing-function-commas": "^6.22.0",
        "babel-plugin-transform-async-generator-functions": "^6.24.1",
        "babel-plugin-transform-async-to-generator": "^6.24.1",
        "babel-plugin-transform-exponentiation-operator": "^6.24.1",
        "babel-plugin-transform-object-rest-spread": "^6.22.0"
      }
    },
    "babel-preset-vue-app": {
      "version": "1.3.1",
      "resolved": "http://registry.npm.taobao.org/babel-preset-vue-app/download/babel-preset-vue-app-1.3.1.tgz",
      "integrity": "sha1-Uha4RG0UU94NvYhJ5Q69wYn4d+0=",
      "dev": true
    },
    "babel-register": {
      "version": "6.26.0",
      "resolved": "http://registry.npm.taobao.org/babel-register/download/babel-register-6.26.0.tgz",
      "integrity": "sha1-btAhFz4vy0htestFxgCahW9kcHE=",
      "dev": true
    },
    "babel-runtime": {
      "version": "6.26.0",
      "resolved": "http://registry.npm.taobao.org/babel-runtime/download/babel-runtime-6.26.0.tgz",
      "integrity": "sha1-llxwWGaOgrVde/4E/yM3vItWR/4=",
      "dev": true
    },
    "babel-template": {
      "version": "6.26.0",
      "resolved": "http://registry.npm.taobao.org/babel-template/download/babel-template-6.26.0.tgz",
      "integrity": "sha1-3gPi0WOWsGn0bdn/+FIfsaDjXgI=",
      "dev": true
    },
    "babel-traverse": {
      "version": "6.26.0",
      "resolved": "http://registry.npm.taobao.org/babel-traverse/download/babel-traverse-6.26.0.tgz",
      "integrity": "sha1-RqnL1+3MYsjlwGTi0tjQ9ANXZu4=",
      "dev": true
    },
    "babel-types": {
      "version": "6.26.0",
      "resolved": "http://registry.npm.taobao.org/babel-types/download/babel-types-6.26.0.tgz",
      "integrity": "sha1-o7Bz+Uq0nrb6Vc1lInozQ4BjJJc=",
      "dev": true
    },
    "batch-processor": {
      "version": "1.0.0",
      "resolved": "https://registry.npmmirror.com/batch-processor/-/batch-processor-1.0.0.tgz",
      "integrity": "sha512-xoLQD8gmmR32MeuBHgH0Tzd5PuSZx71ZsbhVxOCRbgktZEPe4SQy7s9Z50uPp0F/f7iw2XmkHN2xkgbMfckMDA=="
    },
    "bootstrap": {
      "version": "4.6.2",
      "resolved": "https://registry.npmmirror.com/bootstrap/-/bootstrap-4.6.2.tgz",
      "integrity": "sha512-51Bbp/Uxr9aTuy6ca/8FbFloBUJZLHwnhTcnjIeRn2suQWsWzcuJhGjKDB5eppVte/8oCdOL3VuwxvZDUggwGQ=="
    },
    "core-js": {
      "version": "2.5.1",
      "resolved": "http://registry.npm.taobao.org/core-js/download/core-js-2.5.1.tgz",
      "integrity": "sha1-rmh03GaTd4m4B1T/VCjfZoGcpQs=",
      "dev": true
    },
    "css-loader": {
      "version": "0.27.3",
      "resolved": "http://registry.npm.taobao.org/css-loader/download/css-loader-0.27.3.tgz",
      "integrity": "sha1-aatvR7ab+xtazuYbrCqrFDAv8Nw=",
      "dev": true,
      "dependencies": {
        "loader-utils": {
          "version": "1.1.0",
          "resolved": "http://registry.npm.taobao.org/loader-utils/download/loader-utils-1.1.0.tgz",
          "integrity": "sha1-yYrvSIvM7aL/teLeZG1qdUQp9c0="
        }
      }
    },
    "deepmerge": {
      "version": "1.5.2",
      "resolved": "http://registry.npm.taobao.org/deepmerge/download/deepmerge-1.5.2.tgz",
      "integrity": "sha1-EEmdhohEza1P7ghC34x/bwyVp1M="
    },
    "echarts": {
      "version": "4.9.0",
      "resolved": "https://registry.npmmirror.com/echarts/-/echarts-4.9.0.tgz",
      "integrity": "sha512-+ugizgtJ+KmsJyyDPxaw2Br5FqzuBnyOWwcxPKO6y0gc5caYcfnEUIlNStx02necw8jmKmTafmpHhGo4XDtEIA==",
      "requires": {
        "zrender": "4.3.2"
      }
    },
    "element-resize-detector": {
      "version": "1.2.4",
      "resolved": "https://registry.npmmirror.com/element-resize-detector/-/element-resize-detector-1.2.4.tgz",
      "integrity": "sha512-Fl5Ftk6WwXE0wqCgNoseKWndjzZlDCwuPTcoVZfCP9R3EHQF8qUtr3YUPNETegRBOKqQKPW3n4kiIWngGi8tKg==",
      "requires": {
        "batch-processor": "1.0.0"
      }
    },
    "element-ui": {
      "version": "2.15.12",
      "resolved": "https://registry.npmmirror.com/element-ui/-/element-ui-2.15.12.tgz",
      "integrity": "sha512-Y5FMT2BPOindU2GkDEQ5ZKUVxDawKONRNMh2eL3uBx1FOtvUJ+L6IxXLVsNxq4WnaX/UnVNgWXebl7DobygZMg==",
      "requires": {
        "async-validator": "~1.8.1",
        "babel-helper-vue-jsx-merge-props": "^2.0.0",
        "deepmerge": "^1.2.0",
        "normalize-wheel": "^1.0.1",
        "resize-observer-polyfill": "^1.5.0",
        "throttle-debounce": "^1.0.1"
      }
    },
    "file-loader": {
      "version": "0.10.1",
      "resolved": "http://registry.npm.taobao.org/file-loader/download/file-loader-0.10.1.tgz",
      "integrity": "sha1-gVA0EZiR/GRB+1pkwRvJPCLd2EI=",
      "dev": true,
      "dependencies": {
        "loader-utils": {
          "version": "1.1.0",
          "resolved": "http://registry.npm.taobao.org/loader-utils/download/loader-utils-1.1.0.tgz",
          "integrity": "sha1-yYrvSIvM7aL/teLeZG1qdUQp9c0="
        }
      }
    },
    "fix-date": {
      "version": "1.1.6",
      "resolved": "https://registry.npmmirror.com/fix-date/-/fix-date-1.1.6.tgz",
      "integrity": "sha512-YN9InFic51O88wkDUSCKoj0pbWS7p4ucviZzeKdiXg48vtfpqlHYYg/U92DwX+S4YSzNjtHKeHYiuVo86Gatpw=="
    },
    "html-webpack-plugin": {
      "version": "2.30.1",
      "resolved": "http://registry.npm.taobao.org/html-webpack-plugin/download/html-webpack-plugin-2.30.1.tgz",
      "integrity": "sha1-f5xCG36pHsRg9WUn1430hO51N9U=",
      "dev": true
    },
    "jquery": {
      "version": "3.6.1",
      "resolved": "https://registry.npmmirror.com/jquery/-/jquery-3.6.1.tgz",
      "integrity": "sha512-opJeO4nCucVnsjiXOE+/PcCgYw9Gwpvs/a6B1LL/lQhwWwpbVEVYDZ1FokFr8PRc7ghYlrFPuyHuiiDNTQxmcw=="
    },
    "less": {
      "version": "2.7.3",
      "resolved": "http://registry.npm.taobao.org/less/download/less-2.7.3.tgz",
      "integrity": "sha1-zBJg9RyQCp7A2R+2mYE54CUHtjs=",
      "dev": true
    },
    "less-loader": {
      "version": "4.0.5",
      "resolved": "http://registry.npm.taobao.org/less-loader/download/less-loader-4.0.5.tgz",
      "integrity": "sha1-rhVadAbKxqzSk9eFWH/P8PR4xN0=",
      "dev": true,
      "dependencies": {
        "clone": {
          "version": "2.1.1",
          "resolved": "http://registry.npm.taobao.org/clone/download/clone-2.1.1.tgz",
          "integrity": "sha1-0hfR6WERjjrJpLi7oyhVU79kfNs="
        },
        "loader-utils": {
          "version": "1.1.0",
          "resolved": "http://registry.npm.taobao.org/loader-utils/download/loader-utils-1.1.0.tgz",
          "integrity": "sha1-yYrvSIvM7aL/teLeZG1qdUQp9c0="
        }
      }
    },
    "normalize-wheel": {
      "version": "1.0.1",
      "resolved": "http://registry.npm.taobao.org/normalize-wheel/download/normalize-wheel-1.0.1.tgz",
      "integrity": "sha1-rsiGr/2wRQcNhWRH32Ls+GFG7EU="
    },
    "postcss-loader": {
      "version": "1.3.3",
      "resolved": "http://registry.npm.taobao.org/postcss-loader/download/postcss-loader-1.3.3.tgz",
      "integrity": "sha1-piHqH6KQYqg5cqRvVEhncTAZFus=",
      "dev": true,
      "dependencies": {
        "loader-utils": {
          "version": "1.1.0",
          "resolved": "http://registry.npm.taobao.org/loader-utils/download/loader-utils-1.1.0.tgz",
          "integrity": "sha1-yYrvSIvM7aL/teLeZG1qdUQp9c0="
        }
      }
    },
    "resize-observer-polyfill": {
      "version": "1.5.0",
      "resolved": "http://registry.npm.taobao.org/resize-observer-polyfill/download/resize-observer-polyfill-1.5.0.tgz",
      "integrity": "sha1-Zg/x2XEqI4K6osrUUKRxYgn5ymk="
    },
    "rimraf": {
      "version": "2.6.2",
      "resolved": "http://registry.npm.taobao.org/rimraf/download/rimraf-2.6.2.tgz",
      "integrity": "sha1-LtgVDSShbqhlHm1u8PR8QVjOejY=",
      "dev": true
    },
    "screenfull": {
      "version": "3.3.2",
      "resolved": "http://registry.npm.taobao.org/screenfull/download/screenfull-3.3.2.tgz",
      "integrity": "sha1-pq3zs/VVbagSclOFiAYA9bOfvyU="
    },
    "style-loader": {
      "version": "0.13.2",
      "resolved": "http://registry.npm.taobao.org/style-loader/download/style-loader-0.13.2.tgz",
      "integrity": "sha1-dFMzhM9pjHEEx5URULSXF63C87s=",
      "dev": true,
      "dependencies": {
        "loader-utils": {
          "version": "1.1.0",
          "resolved": "http://registry.npm.taobao.org/loader-utils/download/loader-utils-1.1.0.tgz",
          "integrity": "sha1-yYrvSIvM7aL/teLeZG1qdUQp9c0="
        }
      }
    },
    "throttle-debounce": {
      "version": "1.0.1",
      "resolved": "http://registry.npm.taobao.org/throttle-debounce/download/throttle-debounce-1.0.1.tgz",
      "integrity": "sha1-2tD+Ew+drzcZ/eoz3Dao5rp/MLU="
    },
    "url-loader": {
      "version": "0.5.9",
      "resolved": "http://registry.npm.taobao.org/url-loader/download/url-loader-0.5.9.tgz",
      "integrity": "sha1-zI/qgse5Bud3cBklCGnlaemVwpU=",
      "dev": true,
      "dependencies": {
        "loader-utils": {
          "version": "1.1.0",
          "resolved": "http://registry.npm.taobao.org/loader-utils/download/loader-utils-1.1.0.tgz",
          "integrity": "sha1-yYrvSIvM7aL/teLeZG1qdUQp9c0="
        }
      }
    },
    "vue": {
      "version": "2.5.2",
      "resolved": "http://registry.npm.taobao.org/vue/download/vue-2.5.2.tgz",
      "integrity": "sha1-/TZ6h7rnU15H+dxcnsO0luX+taQ="
    },
    "vue-fullscreen": {
      "version": "2.6.1",
      "resolved": "https://registry.npmmirror.com/vue-fullscreen/-/vue-fullscreen-2.6.1.tgz",
      "integrity": "sha512-bbMJDKj2ZhsAwLcsvh8oV8WJeqAr2zxTHysvf7H8wSqaJTn5CnHXMSMbP9Tz4L/54I7jNQIdyA7VZ+EKAG+svg==",
      "requires": {
        "screenfull": "^5.1.0"
      },
      "dependencies": {
        "screenfull": {
          "version": "5.2.0",
          "resolved": "https://registry.npmmirror.com/screenfull/-/screenfull-5.2.0.tgz",
          "integrity": "sha512-9BakfsO2aUQN2K9Fdbj87RJIEZ82Q9IGim7FqM5OsebfoFC6ZHXgDq/KvniuLTPdeM8wY2o6Dj3WQ7KeQCj3cA=="
        }
      }
    },
    "vue-grid-layout": {
      "version": "2.4.0",
      "resolved": "https://registry.npmmirror.com/vue-grid-layout/-/vue-grid-layout-2.4.0.tgz",
      "integrity": "sha512-MRQVt1BdWDaPN4gKGEKOVVwiTyucqJhrGEyjiY9Muor+dzFFq4Hm0geSpYJpLvC1GLlTL8KWUwy0suKrHm+mqg==",
      "requires": {
        "@interactjs/actions": "1.10.2",
        "@interactjs/auto-scroll": "1.10.2",
        "@interactjs/auto-start": "1.10.2",
        "@interactjs/dev-tools": "1.10.2",
        "@interactjs/interactjs": "1.10.2",
        "@interactjs/modifiers": "1.10.2",
        "element-resize-detector": "^1.2.1"
      }
    },
    "vue-loader": {
      "version": "13.3.0",
      "resolved": "http://registry.npm.taobao.org/vue-loader/download/vue-loader-13.3.0.tgz",
      "integrity": "sha1-O/g31JC6XepvwH4INf+mxojIrzM=",
      "dev": true,
      "dependencies": {
        "ansi-styles": {
          "version": "3.2.0",
          "resolved": "http://registry.npm.taobao.org/ansi-styles/download/ansi-styles-3.2.0.tgz",
          "integrity": "sha1-wVm41b4PnlpvNG2rlPFs4CIWG4g="
        },
        "chalk": {
          "version": "2.3.0",
          "resolved": "http://registry.npm.taobao.org/chalk/download/chalk-2.3.0.tgz",
          "integrity": "sha1-tepI78nBeT3MybR2fJORTT8tUro="
        },
        "has-flag": {
          "version": "2.0.0",
          "resolved": "http://registry.npm.taobao.org/has-flag/download/has-flag-2.0.0.tgz",
          "integrity": "sha1-6CB68cx7MNRGzHC3NLXovhj4jVE="
        },
        "loader-utils": {
          "version": "1.1.0",
          "resolved": "http://registry.npm.taobao.org/loader-utils/download/loader-utils-1.1.0.tgz",
          "integrity": "sha1-yYrvSIvM7aL/teLeZG1qdUQp9c0="
        },
        "postcss": {
          "version": "6.0.14",
          "resolved": "http://registry.npm.taobao.org/postcss/download/postcss-6.0.14.tgz",
          "integrity": "sha1-VTTHIRRznnXQr88BfbhTCZ9WKIU="
        },
        "source-map": {
          "version": "0.6.1",
          "resolved": "http://registry.npm.taobao.org/source-map/download/source-map-0.6.1.tgz",
          "integrity": "sha1-dHIq8y6WFOnCh6jQu95IteLxomM="
        },
        "supports-color": {
          "version": "4.5.0",
          "resolved": "http://registry.npm.taobao.org/supports-color/download/supports-color-4.5.0.tgz",
          "integrity": "sha1-vnoN5ITexcXN34s9WRJQRJEvY1s="
        }
      }
    },
    "vue-router": {
      "version": "3.0.1",
      "resolved": "http://registry.npm.taobao.org/vue-router/download/vue-router-3.0.1.tgz",
      "integrity": "sha1-2bBa2cdCC6D2JtZQDWk+YAkswek="
    },
    "vue-template-compiler": {
      "version": "2.5.2",
      "resolved": "http://registry.npm.taobao.org/vue-template-compiler/download/vue-template-compiler-2.5.2.tgz",
      "integrity": "sha1-bxmOvGd7j4BDFc0zuR6EkxWucXc=",
      "dev": true
    },
    "vuex": {
      "version": "3.0.1",
      "resolved": "http://registry.npm.taobao.org/vuex/download/vuex-3.0.1.tgz",
      "integrity": "sha1-52E1Lr4K9TfUu3Vam53Evj3379I="
    },
    "webpack": {
      "version": "2.7.0",
      "resolved": "http://registry.npm.taobao.org/webpack/download/webpack-2.7.0.tgz",
      "integrity": "sha1-sqEiaAQ3P/09A+qca9UlBnA09rE=",
      "dev": true,
      "dependencies": {
        "uglify-js": {
          "version": "2.8.29",
          "resolved": "http://registry.npm.taobao.org/uglify-js/download/uglify-js-2.8.29.tgz",
          "integrity": "sha1-KcVzMUgFe7Th913zW3qcty5qWd0=",
          "dependencies": {
            "yargs": {
              "version": "3.10.0",
              "resolved": "http://registry.npm.taobao.org/yargs/download/yargs-3.10.0.tgz",
              "integrity": "sha1-9+572FfdfB0tOMDnTvvWgdFDH9E="
            }
          }
        }
      }
    },
    "webpack-dev-server": {
      "version": "2.9.4",
      "resolved": "http://registry.npm.taobao.org/webpack-dev-server/download/webpack-dev-server-2.9.4.tgz",
      "integrity": "sha1-eIPmF1nGpLM+mxnsQDe9SrYUKNE=",
      "dev": true,
      "dependencies": {
        "debug": {
          "version": "3.1.0",
          "resolved": "http://registry.npm.taobao.org/debug/download/debug-3.1.0.tgz",
          "integrity": "sha1-W7WgZyYotkFJVmuhaBnmFRjGcmE="
        },
        "has-flag": {
          "version": "2.0.0",
          "resolved": "http://registry.npm.taobao.org/has-flag/download/has-flag-2.0.0.tgz",
          "integrity": "sha1-6CB68cx7MNRGzHC3NLXovhj4jVE="
        },
        "supports-color": {
          "version": "4.5.0",
          "resolved": "http://registry.npm.taobao.org/supports-color/download/supports-color-4.5.0.tgz",
          "integrity": "sha1-vnoN5ITexcXN34s9WRJQRJEvY1s="
        }
      }
    },
    "zrender": {
      "version": "4.3.2",
      "resolved": "https://registry.npmmirror.com/zrender/-/zrender-4.3.2.tgz",
      "integrity": "sha512-bIusJLS8c4DkIcdiK+s13HiQ/zjQQVgpNohtd8d94Y2DnJqgM1yjh/jpDb8DoL6hd7r8Awagw8e3qK/oLaWr3g=="
    }
  }
}
